// !$*UTF8*$!
{
	archiveVersion = 1;
	classes = {
	};
	objectVersion = 46;
	objects = {

/* Begin PBXBuildFile section */
		D26140121EC4057D002E9ACE /* main.m in Sources */ = {isa = PBXBuildFile; fileRef = D26140111EC4057D002E9ACE /* main.m */; };
		D26140151EC4057D002E9ACE /* AppDelegate.m in Sources */ = {isa = PBXBuildFile; fileRef = D26140141EC4057D002E9ACE /* AppDelegate.m */; };
		D26140181EC4057D002E9ACE /* ViewController.m in Sources */ = {isa = PBXBuildFile; fileRef = D26140171EC4057D002E9ACE /* ViewController.m */; };
		D261401B1EC4057D002E9ACE /* Main.storyboard in Resources */ = {isa = PBXBuildFile; fileRef = D26140191EC4057D002E9ACE /* Main.storyboard */; };
		D261401D1EC4057D002E9ACE /* Assets.xcassets in Resources */ = {isa = PBXBuildFile; fileRef = D261401C1EC4057D002E9ACE /* Assets.xcassets */; };
		D26140201EC4057D002E9ACE /* LaunchScreen.storyboard in Resources */ = {isa = PBXBuildFile; fileRef = D261401E1EC4057D002E9ACE /* LaunchScreen.storyboard */; };
		D261402B1EC4057D002E9ACE /* xiaoyuTests.m in Sources */ = {isa = PBXBuildFile; fileRef = D261402A1EC4057D002E9ACE /* xiaoyuTests.m */; };
		D26140361EC4057D002E9ACE /* xiaoyuUITests.m in Sources */ = {isa = PBXBuildFile; fileRef = D26140351EC4057D002E9ACE /* xiaoyuUITests.m */; };
		D26140441EC406EA002E9ACE /* NemoSDK.framework in Frameworks */ = {isa = PBXBuildFile; fileRef = D26140431EC406EA002E9ACE /* NemoSDK.framework */; };
		D26140461EC4073D002E9ACE /* NemoSDK.framework in CopyFiles */ = {isa = PBXBuildFile; fileRef = D26140431EC406EA002E9ACE /* NemoSDK.framework */; settings = {ATTRIBUTES = (CodeSignOnCopy, RemoveHeadersOnCopy, ); }; };
		D26140491EC408FC002E9ACE /* UIView+PPCategory.m in Sources */ = {isa = PBXBuildFile; fileRef = D26140481EC408FC002E9ACE /* UIView+PPCategory.m */; };
		D26140521EC410AE002E9ACE /* ConnectedCallController.m in Sources */ = {isa = PBXBuildFile; fileRef = D26140511EC410AE002E9ACE /* ConnectedCallController.m */; };
		D26140551EC410CD002E9ACE /* VideoManager.m in Sources */ = {isa = PBXBuildFile; fileRef = D26140541EC410CD002E9ACE /* VideoManager.m */; };
		D261405D1EC4485A002E9ACE /* WZSXYSDK.m in Sources */ = {isa = PBXBuildFile; fileRef = D261405C1EC4485A002E9ACE /* WZSXYSDK.m */; };
/* End PBXBuildFile section */

/* Begin PBXContainerItemProxy section */
		D26140271EC4057D002E9ACE /* PBXContainerItemProxy */ = {
			isa = PBXContainerItemProxy;
			containerPortal = D26140051EC4057D002E9ACE /* Project object */;
			proxyType = 1;
			remoteGlobalIDString = D261400C1EC4057D002E9ACE;
			remoteInfo = xiaoyu;
		};
		D26140321EC4057D002E9ACE /* PBXContainerItemProxy */ = {
			isa = PBXContainerItemProxy;
			containerPortal = D26140051EC4057D002E9ACE /* Project object */;
			proxyType = 1;
			remoteGlobalIDString = D261400C1EC4057D002E9ACE;
			remoteInfo = xiaoyu;
		};
/* End PBXContainerItemProxy section */

/* Begin PBXCopyFilesBuildPhase section */
		D26140451EC40731002E9ACE /* CopyFiles */ = {
			isa = PBXCopyFilesBuildPhase;
			buildActionMask = 2147483647;
			dstPath = "";
			dstSubfolderSpec = 10;
			files = (
				D26140461EC4073D002E9ACE /* NemoSDK.framework in CopyFiles */,
			);
			runOnlyForDeploymentPostprocessing = 0;
		};
/* End PBXCopyFilesBuildPhase section */

/* Begin PBXFileReference section */
		D261400D1EC4057D002E9ACE /* xiaoyu.app */ = {isa = PBXFileReference; explicitFileType = wrapper.application; includeInIndex = 0; path = xiaoyu.app; sourceTree = BUILT_PRODUCTS_DIR; };
		D26140111EC4057D002E9ACE /* main.m */ = {isa = PBXFileReference; lastKnownFileType = sourcecode.c.objc; path = main.m; sourceTree = "<group>"; };
		D26140131EC4057D002E9ACE /* AppDelegate.h */ = {isa = PBXFileReference; lastKnownFileType = sourcecode.c.h; path = AppDelegate.h; sourceTree = "<group>"; };
		D26140141EC4057D002E9ACE /* AppDelegate.m */ = {isa = PBXFileReference; lastKnownFileType = sourcecode.c.objc; path = AppDelegate.m; sourceTree = "<group>"; };
		D26140161EC4057D002E9ACE /* ViewController.h */ = {isa = PBXFileReference; lastKnownFileType = sourcecode.c.h; path = ViewController.h; sourceTree = "<group>"; };
		D26140171EC4057D002E9ACE /* ViewController.m */ = {isa = PBXFileReference; lastKnownFileType = sourcecode.c.objc; path = ViewController.m; sourceTree = "<group>"; };
		D261401A1EC4057D002E9ACE /* Base */ = {isa = PBXFileReference; lastKnownFileType = file.storyboard; name = Base; path = Base.lproj/Main.storyboard; sourceTree = "<group>"; };
		D261401C1EC4057D002E9ACE /* Assets.xcassets */ = {isa = PBXFileReference; lastKnownFileType = folder.assetcatalog; path = Assets.xcassets; sourceTree = "<group>"; };
		D261401F1EC4057D002E9ACE /* Base */ = {isa = PBXFileReference; lastKnownFileType = file.storyboard; name = Base; path = Base.lproj/LaunchScreen.storyboard; sourceTree = "<group>"; };
		D26140211EC4057D002E9ACE /* Info.plist */ = {isa = PBXFileReference; lastKnownFileType = text.plist.xml; path = Info.plist; sourceTree = "<group>"; };
		D26140261EC4057D002E9ACE /* xiaoyuTests.xctest */ = {isa = PBXFileReference; explicitFileType = wrapper.cfbundle; includeInIndex = 0; path = xiaoyuTests.xctest; sourceTree = BUILT_PRODUCTS_DIR; };
		D261402A1EC4057D002E9ACE /* xiaoyuTests.m */ = {isa = PBXFileReference; lastKnownFileType = sourcecode.c.objc; path = xiaoyuTests.m; sourceTree = "<group>"; };
		D261402C1EC4057D002E9ACE /* Info.plist */ = {isa = PBXFileReference; lastKnownFileType = text.plist.xml; path = Info.plist; sourceTree = "<group>"; };
		D26140311EC4057D002E9ACE /* xiaoyuUITests.xctest */ = {isa = PBXFileReference; explicitFileType = wrapper.cfbundle; includeInIndex = 0; path = xiaoyuUITests.xctest; sourceTree = BUILT_PRODUCTS_DIR; };
		D26140351EC4057D002E9ACE /* xiaoyuUITests.m */ = {isa = PBXFileReference; lastKnownFileType = sourcecode.c.objc; path = xiaoyuUITests.m; sourceTree = "<group>"; };
		D26140371EC4057D002E9ACE /* Info.plist */ = {isa = PBXFileReference; lastKnownFileType = text.plist.xml; path = Info.plist; sourceTree = "<group>"; };
		D26140431EC406EA002E9ACE /* NemoSDK.framework */ = {isa = PBXFileReference; lastKnownFileType = wrapper.framework; path = NemoSDK.framework; sourceTree = "<group>"; };
		D26140471EC408FC002E9ACE /* UIView+PPCategory.h */ = {isa = PBXFileReference; fileEncoding = 4; lastKnownFileType = sourcecode.c.h; path = "UIView+PPCategory.h"; sourceTree = "<group>"; };
		D26140481EC408FC002E9ACE /* UIView+PPCategory.m */ = {isa = PBXFileReference; fileEncoding = 4; lastKnownFileType = sourcecode.c.objc; path = "UIView+PPCategory.m"; sourceTree = "<group>"; };
		D26140501EC410AE002E9ACE /* ConnectedCallController.h */ = {isa = PBXFileReference; fileEncoding = 4; lastKnownFileType = sourcecode.c.h; path = ConnectedCallController.h; sourceTree = "<group>"; };
		D26140511EC410AE002E9ACE /* ConnectedCallController.m */ = {isa = PBXFileReference; fileEncoding = 4; lastKnownFileType = sourcecode.c.objc; path = ConnectedCallController.m; sourceTree = "<group>"; };
		D26140531EC410CD002E9ACE /* VideoManager.h */ = {isa = PBXFileReference; fileEncoding = 4; lastKnownFileType = sourcecode.c.h; path = VideoManager.h; sourceTree = "<group>"; };
		D26140541EC410CD002E9ACE /* VideoManager.m */ = {isa = PBXFileReference; fileEncoding = 4; lastKnownFileType = sourcecode.c.objc; path = VideoManager.m; sourceTree = "<group>"; };
		D261405B1EC4485A002E9ACE /* WZSXYSDK.h */ = {isa = PBXFileReference; fileEncoding = 4; lastKnownFileType = sourcecode.c.h; path = WZSXYSDK.h; sourceTree = "<group>"; };
		D261405C1EC4485A002E9ACE /* WZSXYSDK.m */ = {isa = PBXFileReference; fileEncoding = 4; lastKnownFileType = sourcecode.c.objc; path = WZSXYSDK.m; sourceTree = "<group>"; };
/* End PBXFileReference section */

/* Begin PBXFrameworksBuildPhase section */
		D261400A1EC4057D002E9ACE /* Frameworks */ = {
			isa = PBXFrameworksBuildPhase;
			buildActionMask = 2147483647;
			files = (
				D26140441EC406EA002E9ACE /* NemoSDK.framework in Frameworks */,
			);
			runOnlyForDeploymentPostprocessing = 0;
		};
		D26140231EC4057D002E9ACE /* Frameworks */ = {
			isa = PBXFrameworksBuildPhase;
			buildActionMask = 2147483647;
			files = (
			);
			runOnlyForDeploymentPostprocessing = 0;
		};
		D261402E1EC4057D002E9ACE /* Frameworks */ = {
			isa = PBXFrameworksBuildPhase;
			buildActionMask = 2147483647;
			files = (
			);
			runOnlyForDeploymentPostprocessing = 0;
		};
/* End PBXFrameworksBuildPhase section */

/* Begin PBXGroup section */
		D26140041EC4057D002E9ACE = {
			isa = PBXGroup;
			children = (
				D26140431EC406EA002E9ACE /* NemoSDK.framework */,
				D261400F1EC4057D002E9ACE /* xiaoyu */,
				D26140291EC4057D002E9ACE /* xiaoyuTests */,
				D26140341EC4057D002E9ACE /* xiaoyuUITests */,
				D261400E1EC4057D002E9ACE /* Products */,
			);
			sourceTree = "<group>";
		};
		D261400E1EC4057D002E9ACE /* Products */ = {
			isa = PBXGroup;
			children = (
				D261400D1EC4057D002E9ACE /* xiaoyu.app */,
				D26140261EC4057D002E9ACE /* xiaoyuTests.xctest */,
				D26140311EC4057D002E9ACE /* xiaoyuUITests.xctest */,
			);
			name = Products;
			sourceTree = "<group>";
		};
		D261400F1EC4057D002E9ACE /* xiaoyu */ = {
			isa = PBXGroup;
			children = (
				D26140131EC4057D002E9ACE /* AppDelegate.h */,
				D26140141EC4057D002E9ACE /* AppDelegate.m */,
				D26140161EC4057D002E9ACE /* ViewController.h */,
				D26140171EC4057D002E9ACE /* ViewController.m */,
				D26140471EC408FC002E9ACE /* UIView+PPCategory.h */,
				D26140481EC408FC002E9ACE /* UIView+PPCategory.m */,
				D26140501EC410AE002E9ACE /* ConnectedCallController.h */,
				D26140511EC410AE002E9ACE /* ConnectedCallController.m */,
				D26140531EC410CD002E9ACE /* VideoManager.h */,
				D26140541EC410CD002E9ACE /* VideoManager.m */,
				D261405B1EC4485A002E9ACE /* WZSXYSDK.h */,
				D261405C1EC4485A002E9ACE /* WZSXYSDK.m */,
				D26140191EC4057D002E9ACE /* Main.storyboard */,
				D261401C1EC4057D002E9ACE /* Assets.xcassets */,
				D261401E1EC4057D002E9ACE /* LaunchScreen.storyboard */,
				D26140211EC4057D002E9ACE /* Info.plist */,
				D26140101EC4057D002E9ACE /* Supporting Files */,
			);
			path = xiaoyu;
			sourceTree = "<group>";
		};
		D26140101EC4057D002E9ACE /* Supporting Files */ = {
			isa = PBXGroup;
			children = (
				D26140111EC4057D002E9ACE /* main.m */,
			);
			name = "Supporting Files";
			sourceTree = "<group>";
		};
		D26140291EC4057D002E9ACE /* xiaoyuTests */ = {
			isa = PBXGroup;
			children = (
				D261402A1EC4057D002E9ACE /* xiaoyuTests.m */,
				D261402C1EC4057D002E9ACE /* Info.plist */,
			);
			path = xiaoyuTests;
			sourceTree = "<group>";
		};
		D26140341EC4057D002E9ACE /* xiaoyuUITests */ = {
			isa = PBXGroup;
			children = (
				D26140351EC4057D002E9ACE /* xiaoyuUITests.m */,
				D26140371EC4057D002E9ACE /* Info.plist */,
			);
			path = xiaoyuUITests;
			sourceTree = "<group>";
		};
/* End PBXGroup section */

/* Begin PBXNativeTarget section */
		D261400C1EC4057D002E9ACE /* xiaoyu */ = {
			isa = PBXNativeTarget;
			buildConfigurationList = D261403A1EC4057D002E9ACE /* Build configuration list for PBXNativeTarget "xiaoyu" */;
			buildPhases = (
				D26140091EC4057D002E9ACE /* Sources */,
				D261400A1EC4057D002E9ACE /* Frameworks */,
				D261400B1EC4057D002E9ACE /* Resources */,
				D26140451EC40731002E9ACE /* CopyFiles */,
			);
			buildRules = (
			);
			dependencies = (
			);
			name = xiaoyu;
			productName = xiaoyu;
			productReference = D261400D1EC4057D002E9ACE /* xiaoyu.app */;
			productType = "com.apple.product-type.application";
		};
		D26140251EC4057D002E9ACE /* xiaoyuTests */ = {
			isa = PBXNativeTarget;
			buildConfigurationList = D261403D1EC4057D002E9ACE /* Build configuration list for PBXNativeTarget "xiaoyuTests" */;
			buildPhases = (
				D26140221EC4057D002E9ACE /* Sources */,
				D26140231EC4057D002E9ACE /* Frameworks */,
				D26140241EC4057D002E9ACE /* Resources */,
			);
			buildRules = (
			);
			dependencies = (
				D26140281EC4057D002E9ACE /* PBXTargetDependency */,
			);
			name = xiaoyuTests;
			productName = xiaoyuTests;
			productReference = D26140261EC4057D002E9ACE /* xiaoyuTests.xctest */;
			productType = "com.apple.product-type.bundle.unit-test";
		};
		D26140301EC4057D002E9ACE /* xiaoyuUITests */ = {
			isa = PBXNativeTarget;
			buildConfigurationList = D26140401EC4057D002E9ACE /* Build configuration list for PBXNativeTarget "xiaoyuUITests" */;
			buildPhases = (
				D261402D1EC4057D002E9ACE /* Sources */,
				D261402E1EC4057D002E9ACE /* Frameworks */,
				D261402F1EC4057D002E9ACE /* Resources */,
			);
			buildRules = (
			);
			dependencies = (
				D26140331EC4057D002E9ACE /* PBXTargetDependency */,
			);
			name = xiaoyuUITests;
			productName = xiaoyuUITests;
			productReference = D26140311EC4057D002E9ACE /* xiaoyuUITests.xctest */;
			productType = "com.apple.product-type.bundle.ui-testing";
		};
/* End PBXNativeTarget section */

/* Begin PBXProject section */
		D26140051EC4057D002E9ACE /* Project object */ = {
			isa = PBXProject;
			attributes = {
				LastUpgradeCheck = 0830;
				ORGANIZATIONNAME = gocomtech;
				TargetAttributes = {
					D261400C1EC4057D002E9ACE = {
						CreatedOnToolsVersion = 8.3.2;
						DevelopmentTeam = 6KU368K7QY;
						ProvisioningStyle = Automatic;
					};
					D26140251EC4057D002E9ACE = {
						CreatedOnToolsVersion = 8.3.2;
						ProvisioningStyle = Automatic;
						TestTargetID = D261400C1EC4057D002E9ACE;
					};
					D26140301EC4057D002E9ACE = {
						CreatedOnToolsVersion = 8.3.2;
						ProvisioningStyle = Automatic;
						TestTargetID = D261400C1EC4057D002E9ACE;
					};
				};
			};
			buildConfigurationList = D26140081EC4057D002E9ACE /* Build configuration list for PBXProject "xiaoyu" */;
			compatibilityVersion = "Xcode 3.2";
			developmentRegion = English;
			hasScannedForEncodings = 0;
			knownRegions = (
				en,
				Base,
			);
			mainGroup = D26140041EC4057D002E9ACE;
			productRefGroup = D261400E1EC4057D002E9ACE /* Products */;
			projectDirPath = "";
			projectRoot = "";
			targets = (
				D261400C1EC4057D002E9ACE /* xiaoyu */,
				D26140251EC4057D002E9ACE /* xiaoyuTests */,
				D26140301EC4057D002E9ACE /* xiaoyuUITests */,
			);
		};
/* End PBXProject section */

/* Begin PBXResourcesBuildPhase section */
		D261400B1EC4057D002E9ACE /* Resources */ = {
			isa = PBXResourcesBuildPhase;
			buildActionMask = 2147483647;
			files = (
				D26140201EC4057D002E9ACE /* LaunchScreen.storyboard in Resources */,
				D261401D1EC4057D002E9ACE /* Assets.xcassets in Resources */,
				D261401B1EC4057D002E9ACE /* Main.storyboard in Resources */,
			);
			runOnlyForDeploymentPostprocessing = 0;
		};
		D26140241EC4057D002E9ACE /* Resources */ = {
			isa = PBXResourcesBuildPhase;
			buildActionMask = 2147483647;
			files = (
			);
			runOnlyForDeploymentPostprocessing = 0;
		};
		D261402F1EC4057D002E9ACE /* Resources */ = {
			isa = PBXResourcesBuildPhase;
			buildActionMask = 2147483647;
			files = (
			);
			runOnlyForDeploymentPostprocessing = 0;
		};
/* End PBXResourcesBuildPhase section */

/* Begin PBXSourcesBuildPhase section */
		D26140091EC4057D002E9ACE /* Sources */ = {
			isa = PBXSourcesBuildPhase;
			buildActionMask = 2147483647;
			files = (
				D26140491EC408FC002E9ACE /* UIView+PPCategory.m in Sources */,
				D26140181EC4057D002E9ACE /* ViewController.m in Sources */,
				D26140151EC4057D002E9ACE /* AppDelegate.m in Sources */,
				D26140121EC4057D002E9ACE /* main.m in Sources */,
				D26140521EC410AE002E9ACE /* ConnectedCallController.m in Sources */,
				D26140551EC410CD002E9ACE /* VideoManager.m in Sources */,
				D261405D1EC4485A002E9ACE /* WZSXYSDK.m in Sources */,
			);
			runOnlyForDeploymentPostprocessing = 0;
		};
		D26140221EC4057D002E9ACE /* Sources */ = {
			isa = PBXSourcesBuildPhase;
			buildActionMask = 2147483647;
			files = (
				D261402B1EC4057D002E9ACE /* xiaoyuTests.m in Sources */,
			);
			runOnlyForDeploymentPostprocessing = 0;
		};
		D261402D1EC4057D002E9ACE /* Sources */ = {
			isa = PBXSourcesBuildPhase;
			buildActionMask = 2147483647;
			files = (
				D26140361EC4057D002E9ACE /* xiaoyuUITests.m in Sources */,
			);
			runOnlyForDeploymentPostprocessing = 0;
		};
/* End PBXSourcesBuildPhase section */

/* Begin PBXTargetDependency section */
		D26140281EC4057D002E9ACE /* PBXTargetDependency */ = {
			isa = PBXTargetDependency;
			target = D261400C1EC4057D002E9ACE /* xiaoyu */;
			targetProxy = D26140271EC4057D002E9ACE /* PBXContainerItemProxy */;
		};
		D26140331EC4057D002E9ACE /* PBXTargetDependency */ = {
			isa = PBXTargetDependency;
			target = D261400C1EC4057D002E9ACE /* xiaoyu */;
			targetProxy = D26140321EC4057D002E9ACE /* PBXContainerItemProxy */;
		};
/* End PBXTargetDependency section */

/* Begin PBXVariantGroup section */
		D26140191EC4057D002E9ACE /* Main.storyboard */ = {
			isa = PBXVariantGroup;
			children = (
				D261401A1EC4057D002E9ACE /* Base */,
			);
			name = Main.storyboard;
			sourceTree = "<group>";
		};
		D261401E1EC4057D002E9ACE /* LaunchScreen.storyboard */ = {
			isa = PBXVariantGroup;
			children = (
				D261401F1EC4057D002E9ACE /* Base */,
			);
			name = LaunchScreen.storyboard;
			sourceTree = "<group>";
		};
/* End PBXVariantGroup section */

/* Begin XCBuildConfiguration section */
		D26140381EC4057D002E9ACE /* Debug */ = {
			isa = XCBuildConfiguration;
			buildSettings = {
				ALWAYS_SEARCH_USER_PATHS = NO;
				CLANG_ANALYZER_NONNULL = YES;
				CLANG_ANALYZER_NUMBER_OBJECT_CONVERSION = YES_AGGRESSIVE;
				CLANG_CXX_LANGUAGE_STANDARD = "gnu++0x";
				CLANG_CXX_LIBRARY = "libc++";
				CLANG_ENABLE_MODULES = YES;
				CLANG_ENABLE_OBJC_ARC = YES;
				CLANG_WARN_BOOL_CONVERSION = YES;
				CLANG_WARN_CONSTANT_CONVERSION = YES;
				CLANG_WARN_DIRECT_OBJC_ISA_USAGE = YES_ERROR;
				CLANG_WARN_DOCUMENTATION_COMMENTS = YES;
				CLANG_WARN_EMPTY_BODY = YES;
				CLANG_WARN_ENUM_CONVERSION = YES;
				CLANG_WARN_INFINITE_RECURSION = YES;
				CLANG_WARN_INT_CONVERSION = YES;
				CLANG_WARN_OBJC_ROOT_CLASS = YES_ERROR;
				CLANG_WARN_SUSPICIOUS_MOVE = YES;
				CLANG_WARN_UNREACHABLE_CODE = YES;
				CLANG_WARN__DUPLICATE_METHOD_MATCH = YES;
				"CODE_SIGN_IDENTITY[sdk=iphoneos*]" = "iPhone Developer";
				COPY_PHASE_STRIP = NO;
				DEBUG_INFORMATION_FORMAT = dwarf;
				ENABLE_STRICT_OBJC_MSGSEND = YES;
				ENABLE_TESTABILITY = YES;
				GCC_C_LANGUAGE_STANDARD = gnu99;
				GCC_DYNAMIC_NO_PIC = NO;
				GCC_NO_COMMON_BLOCKS = YES;
				GCC_OPTIMIZATION_LEVEL = 0;
				GCC_PREPROCESSOR_DEFINITIONS = (
					"DEBUG=1",
					"$(inherited)",
				);
				GCC_WARN_64_TO_32_BIT_CONVERSION = YES;
				GCC_WARN_ABOUT_RETURN_TYPE = YES_ERROR;
				GCC_WARN_UNDECLARED_SELECTOR = YES;
				GCC_WARN_UNINITIALIZED_AUTOS = YES_AGGRESSIVE;
				GCC_WARN_UNUSED_FUNCTION = YES;
				GCC_WARN_UNUSED_VARIABLE = YES;
				IPHONEOS_DEPLOYMENT_TARGET = 10.3;
				MTL_ENABLE_DEBUG_INFO = YES;
				ONLY_ACTIVE_ARCH = YES;
				SDKROOT = iphoneos;
			};
			name = Debug;
		};
		D26140391EC4057D002E9ACE /* Release */ = {
			isa = XCBuildConfiguration;
			buildSettings = {
				ALWAYS_SEARCH_USER_PATHS = NO;
				CLANG_ANALYZER_NONNULL = YES;
				CLANG_ANALYZER_NUMBER_OBJECT_CONVERSION = YES_AGGRESSIVE;
				CLANG_CXX_LANGUAGE_STANDARD = "gnu++0x";
				CLANG_CXX_LIBRARY = "libc++";
				CLANG_ENABLE_MODULES = YES;
				CLANG_ENABLE_OBJC_ARC = YES;
				CLANG_WARN_BOOL_CONVERSION = YES;
				CLANG_WARN_CONSTANT_CONVERSION = YES;
				CLANG_WARN_DIRECT_OBJC_ISA_USAGE = YES_ERROR;
				CLANG_WARN_DOCUMENTATION_COMMENTS = YES;
				CLANG_WARN_EMPTY_BODY = YES;
				CLANG_WARN_ENUM_CONVERSION = YES;
				CLANG_WARN_INFINITE_RECURSION = YES;
				CLANG_WARN_INT_CONVERSION = YES;
				CLANG_WARN_OBJC_ROOT_CLASS = YES_ERROR;
				CLANG_WARN_SUSPICIOUS_MOVE = YES;
				CLANG_WARN_UNREACHABLE_CODE = YES;
				CLANG_WARN__DUPLICATE_METHOD_MATCH = YES;
				"CODE_SIGN_IDENTITY[sdk=iphoneos*]" = "iPhone Developer";
				COPY_PHASE_STRIP = NO;
				DEBUG_INFORMATION_FORMAT = "dwarf-with-dsym";
				ENABLE_NS_ASSERTIONS = NO;
				ENABLE_STRICT_OBJC_MSGSEND = YES;
				GCC_C_LANGUAGE_STANDARD = gnu99;
				GCC_NO_COMMON_BLOCKS = YES;
				GCC_WARN_64_TO_32_BIT_CONVERSION = YES;
				GCC_WARN_ABOUT_RETURN_TYPE = YES_ERROR;
				GCC_WARN_UNDECLARED_SELECTOR = YES;
				GCC_WARN_UNINITIALIZED_AUTOS = YES_AGGRESSIVE;
				GCC_WARN_UNUSED_FUNCTION = YES;
				GCC_WARN_UNUSED_VARIABLE = YES;
				IPHONEOS_DEPLOYMENT_TARGET = 10.3;
				MTL_ENABLE_DEBUG_INFO = NO;
				SDKROOT = iphoneos;
				VALIDATE_PRODUCT = YES;
			};
			name = Release;
		};
		D261403B1EC4057D002E9ACE /* Debug */ = {
			isa = XCBuildConfiguration;
			buildSettings = {
				ASSETCATALOG_COMPILER_APPICON_NAME = AppIcon;
				DEVELOPMENT_TEAM = 6KU368K7QY;
				ENABLE_BITCODE = NO;
				FRAMEWORK_SEARCH_PATHS = (
					"$(inherited)",
					"$(PROJECT_DIR)",
					/Users/wangzhansheng/Desktop/xiaoyu/NemoSDK.framework,
				);
				HEADER_SEARCH_PATHS = /Users/wangzhansheng/Desktop/xiaoyu/NemoSDK.framework/Headers;
				INFOPLIST_FILE = xiaoyu/Info.plist;
				LD_RUNPATH_SEARCH_PATHS = "$(inherited) @executable_path/Frameworks";
				PRODUCT_BUNDLE_IDENTIFIER = com.ainemo.office.wangzs;
				PRODUCT_NAME = "$(TARGET_NAME)";
			};
			name = Debug;
		};
		D261403C1EC4057D002E9ACE /* Release */ = {
			isa = XCBuildConfiguration;
			buildSettings = {
				ASSETCATALOG_COMPILER_APPICON_NAME = AppIcon;
				DEVELOPMENT_TEAM = 6KU368K7QY;
				ENABLE_BITCODE = NO;
				FRAMEWORK_SEARCH_PATHS = (
					"$(inherited)",
					"$(PROJECT_DIR)",
					/Users/wangzhansheng/Desktop/xiaoyu/NemoSDK.framework,
				);
				HEADER_SEARCH_PATHS = /Users/wangzhansheng/Desktop/xiaoyu/NemoSDK.framework/Headers;
				INFOPLIST_FILE = xiaoyu/Info.plist;
				LD_RUNPATH_SEARCH_PATHS = "$(inherited) @executable_path/Frameworks";
				PRODUCT_BUNDLE_IDENTIFIER = com.ainemo.office.wangzs;
				PRODUCT_NAME = "$(TARGET_NAME)";
			};
			name = Release;
		};
		D261403E1EC4057D002E9ACE /* Debug */ = {
			isa = XCBuildConfiguration;
			buildSettings = {
				BUNDLE_LOADER = "$(TEST_HOST)";
				INFOPLIST_FILE = xiaoyuTests/Info.plist;
				LD_RUNPATH_SEARCH_PATHS = "$(inherited) @executable_path/Frameworks @loader_path/Frameworks";
				PRODUCT_BUNDLE_IDENTIFIER = com.smartdot.xiaoyuTests;
				PRODUCT_NAME = "$(TARGET_NAME)";
				TEST_HOST = "$(BUILT_PRODUCTS_DIR)/xiaoyu.app/xiaoyu";
			};
			name = Debug;
		};
		D261403F1EC4057D002E9ACE /* Release */ = {
			isa = XCBuildConfiguration;
			buildSettings = {
				BUNDLE_LOADER = "$(TEST_HOST)";
				INFOPLIST_FILE = xiaoyuTests/Info.plist;
				LD_RUNPATH_SEARCH_PATHS = "$(inherited) @executable_path/Frameworks @loader_path/Frameworks";
				PRODUCT_BUNDLE_IDENTIFIER = com.smartdot.xiaoyuTests;
				PRODUCT_NAME = "$(TARGET_NAME)";
				TEST_HOST = "$(BUILT_PRODUCTS_DIR)/xiaoyu.app/xiaoyu";
			};
			name = Release;
		};
		D26140411EC4057D002E9ACE /* Debug */ = {
			isa = XCBuildConfiguration;
			buildSettings = {
				INFOPLIST_FILE = xiaoyuUITests/Info.plist;
				LD_RUNPATH_SEARCH_PATHS = "$(inherited) @executable_path/Frameworks @loader_path/Frameworks";
				PRODUCT_BUNDLE_IDENTIFIER = com.smartdot.xiaoyuUITests;
				PRODUCT_NAME = "$(TARGET_NAME)";
				TEST_TARGET_NAME = xiaoyu;
			};
			name = Debug;
		};
		D26140421EC4057D002E9ACE /* Release */ = {
			isa = XCBuildConfiguration;
			buildSettings = {
				INFOPLIST_FILE = xiaoyuUITests/Info.plist;
				LD_RUNPATH_SEARCH_PATHS = "$(inherited) @executable_path/Frameworks @loader_path/Frameworks";
				PRODUCT_BUNDLE_IDENTIFIER = com.smartdot.xiaoyuUITests;
				PRODUCT_NAME = "$(TARGET_NAME)";
				TEST_TARGET_NAME = xiaoyu;
			};
			name = Release;
		};
/* End XCBuildConfiguration section */

/* Begin XCConfigurationList section */
		D26140081EC4057D002E9ACE /* Build configuration list for PBXProject "xiaoyu" */ = {
			isa = XCConfigurationList;
			buildConfigurations = (
				D26140381EC4057D002E9ACE /* Debug */,
				D26140391EC4057D002E9ACE /* Release */,
			);
			defaultConfigurationIsVisible = 0;
			defaultConfigurationName = Release;
		};
		D261403A1EC4057D002E9ACE /* Build configuration list for PBXNativeTarget "xiaoyu" */ = {
			isa = XCConfigurationList;
			buildConfigurations = (
				D261403B1EC4057D002E9ACE /* Debug */,
				D261403C1EC4057D002E9ACE /* Release */,
			);
			defaultConfigurationIsVisible = 0;
			defaultConfigurationName = Release;
		};
		D261403D1EC4057D002E9ACE /* Build configuration list for PBXNativeTarget "xiaoyuTests" */ = {
			isa = XCConfigurationList;
			buildConfigurations = (
				D261403E1EC4057D002E9ACE /* Debug */,
				D261403F1EC4057D002E9ACE /* Release */,
			);
			defaultConfigurationIsVisible = 0;
			defaultConfigurationName = Release;
		};
		D26140401EC4057D002E9ACE /* Build configuration list for PBXNativeTarget "xiaoyuUITests" */ = {
			isa = XCConfigurationList;
			buildConfigurations = (
				D26140411EC4057D002E9ACE /* Debug */,
				D26140421EC4057D002E9ACE /* Release */,
			);
			defaultConfigurationIsVisible = 0;
			defaultConfigurationName = Release;
		};
/* End XCConfigurationList section */
	};
	rootObject = D26140051EC4057D002E9ACE /* Project object */;
}
